
Microsoft Visual Studio Solution File, Format Version 12.00
# Visual Studio 2013
VisualStudioVersion = 12.0.40629.0
MinimumVisualStudioVersion = 10.0.40219.1
Project("{E24C65DC-7377-472B-9ABA-BC803B73C61A}") = "website(1)", "http://localhost:51106", "{F86107EC-C977-4B0E-AEB1-35F2D0DA52FF}"
	ProjectSection(WebsiteProperties) = preProject
		UseIISExpress = "true"
		TargetFrameworkMoniker = ".NETFramework,Version%3Dv4.5"
		ProjectReferences = "{ffa49de3-5311-4e13-8fc0-daa3881a377e}|eRestaurant.Framework.dll;"
		Debug.AspNetCompiler.VirtualPath = "/localhost_51106"
		Debug.AspNetCompiler.PhysicalPath = "website\"
		Debug.AspNetCompiler.TargetPath = "PrecompiledWeb\localhost_51106\"
		Debug.AspNetCompiler.Updateable = "true"
		Debug.AspNetCompiler.ForceOverwrite = "true"
		Debug.AspNetCompiler.FixedNames = "false"
		Debug.AspNetCompiler.Debug = "True"
		Release.AspNetCompiler.VirtualPath = "/localhost_51106"
		Release.AspNetCompiler.PhysicalPath = "website\"
		Release.AspNetCompiler.TargetPath = "PrecompiledWeb\localhost_51106\"
		Release.AspNetCompiler.Updateable = "true"
		Release.AspNetCompiler.ForceOverwrite = "true"
		Release.AspNetCompiler.FixedNames = "false"
		Release.AspNetCompiler.Debug = "False"
		SlnRelativePath = "website\"
		DefaultWebSiteLanguage = "Visual C#"
	EndProjectSection
EndProject
Project("{FAE04EC0-301F-11D3-BF4B-00C04F79EFBC}") = "eRestaurant.Framework", "eRestaurant.Framework\eRestaurant.Framework.csproj", "{FFA49DE3-5311-4E13-8FC0-DAA3881A377E}"
EndProject
Global
	GlobalSection(SolutionConfigurationPlatforms) = preSolution
		Debug|Any CPU = Debug|Any CPU
		Release|Any CPU = Release|Any CPU
	EndGlobalSection
	GlobalSection(ProjectConfigurationPlatforms) = postSolution
		{F86107EC-C977-4B0E-AEB1-35F2D0DA52FF}.Debug|Any CPU.ActiveCfg = Debug|Any CPU
		{F86107EC-C977-4B0E-AEB1-35F2D0DA52FF}.Debug|Any CPU.Build.0 = Debug|Any CPU
		{F86107EC-C977-4B0E-AEB1-35F2D0DA52FF}.Release|Any CPU.ActiveCfg = Debug|Any CPU
		{F86107EC-C977-4B0E-AEB1-35F2D0DA52FF}.Release|Any CPU.Build.0 = Debug|Any CPU
		{FFA49DE3-5311-4E13-8FC0-DAA3881A377E}.Debug|Any CPU.ActiveCfg = Debug|Any CPU
		{FFA49DE3-5311-4E13-8FC0-DAA3881A377E}.Debug|Any CPU.Build.0 = Debug|Any CPU
		{FFA49DE3-5311-4E13-8FC0-DAA3881A377E}.Release|Any CPU.ActiveCfg = Release|Any CPU
		{FFA49DE3-5311-4E13-8FC0-DAA3881A377E}.Release|Any CPU.Build.0 = Release|Any CPU
	EndGlobalSection
	GlobalSection(SolutionProperties) = preSolution
		HideSolutionNode = FALSE
	EndGlobalSection
EndGlobal
